
Microsoft Visual Studio Solution File, Format Version 12.00
# Visual Studio Version 17
VisualStudioVersion = 17.10.35027.167
MinimumVisualStudioVersion = 10.0.40219.1
Project("{FAE04EC0-301F-11D3-BF4B-00C04F79EFBC}") = "theatre booking", "theatre booking\theatre booking.csproj", "{8EFF12A4-7AB2-4FF2-A8BE-CB4F961052F9}"
EndProject
Global
	GlobalSection(SolutionConfigurationPlatforms) = preSolution
		Debug|Any CPU = Debug|Any CPU
		Release|Any CPU = Release|Any CPU
	EndGlobalSection
	GlobalSection(ProjectConfigurationPlatforms) = postSolution
		{8EFF12A4-7AB2-4FF2-A8BE-CB4F961052F9}.Debug|Any CPU.ActiveCfg = Debug|Any CPU
		{8EFF12A4-7AB2-4FF2-A8BE-CB4F961052F9}.Debug|Any CPU.Build.0 = Debug|Any CPU
		{8EFF12A4-7AB2-4FF2-A8BE-CB4F961052F9}.Release|Any CPU.ActiveCfg = Release|Any CPU
		{8EFF12A4-7AB2-4FF2-A8BE-CB4F961052F9}.Release|Any CPU.Build.0 = Release|Any CPU
	EndGlobalSection
	GlobalSection(SolutionProperties) = preSolution
		HideSolutionNode = FALSE
	EndGlobalSection
	GlobalSection(ExtensibilityGlobals) = postSolution
		SolutionGuid = {FBE00372-59B3-4B71-AC90-1356A0B5D290}
	EndGlobalSection
EndGlobal
